
Microsoft Visual Studio Solution File, Format Version 12.00
# Visual Studio Version 17
VisualStudioVersion = 17.1.32210.238
MinimumVisualStudioVersion = 10.0.40219.1
Project("{9A19103F-16F7-4668-BE54-9A1E7A4F7556}") = "MyWebLog.Data", "MyWebLog.Data\MyWebLog.Data.csproj", "{0177C744-F913-4352-A0EC-478B4B0388C3}"
EndProject
Project("{FAE04EC0-301F-11D3-BF4B-00C04F79EFBC}") = "MyWebLog", "MyWebLog\MyWebLog.csproj", "{3139DA09-C999-465A-BC98-02FEC3BD7E88}"
EndProject
Global
	GlobalSection(SolutionConfigurationPlatforms) = preSolution
		Debug|Any CPU = Debug|Any CPU
		Release|Any CPU = Release|Any CPU
	EndGlobalSection
	GlobalSection(ProjectConfigurationPlatforms) = postSolution
		{0177C744-F913-4352-A0EC-478B4B0388C3}.Debug|Any CPU.ActiveCfg = Debug|Any CPU
		{0177C744-F913-4352-A0EC-478B4B0388C3}.Debug|Any CPU.Build.0 = Debug|Any CPU
		{0177C744-F913-4352-A0EC-478B4B0388C3}.Release|Any CPU.ActiveCfg = Release|Any CPU
		{0177C744-F913-4352-A0EC-478B4B0388C3}.Release|Any CPU.Build.0 = Release|Any CPU
		{3139DA09-C999-465A-BC98-02FEC3BD7E88}.Debug|Any CPU.ActiveCfg = Debug|Any CPU
		{3139DA09-C999-465A-BC98-02FEC3BD7E88}.Debug|Any CPU.Build.0 = Debug|Any CPU
		{3139DA09-C999-465A-BC98-02FEC3BD7E88}.Release|Any CPU.ActiveCfg = Release|Any CPU
		{3139DA09-C999-465A-BC98-02FEC3BD7E88}.Release|Any CPU.Build.0 = Release|Any CPU
	EndGlobalSection
	GlobalSection(SolutionProperties) = preSolution
		HideSolutionNode = FALSE
	EndGlobalSection
	GlobalSection(ExtensibilityGlobals) = postSolution
		SolutionGuid = {70EEF0F4-8709-44A8-AD9B-24D1EB84CFB4}
	EndGlobalSection
EndGlobal
