Microsoft Visual Studio Solution File, Format Version 12.00
# Visual Studio 14
VisualStudioVersion = 14.0.25420.1
MinimumVisualStudioVersion = 10.0.40219.1
Project("{8BB2217D-0F2D-49D1-97BC-3654ED321F3B}") = "MyWebLog.Entities", "MyWebLog.Entities\MyWebLog.Entities.xproj", "{A87F3CF5-2189-442B-8ACF-929F5153AC22}"
EndProject
Project("{8BB2217D-0F2D-49D1-97BC-3654ED321F3B}") = "MyWebLog.Data.RethinkDB", "MyWebLog.Data.RethinkDB\MyWebLog.Data.RethinkDB.xproj", "{D6C2BE5E-883A-4F34-9905-B730543CA380}"
EndProject
Project("{8BB2217D-0F2D-49D1-97BC-3654ED321F3B}") = "MyWebLog.Logic", "MyWebLog.Logic\MyWebLog.Logic.xproj", "{29F6EDA3-4F43-4BB3-9C63-AE238A9B7F12}"
EndProject
Project("{8BB2217D-0F2D-49D1-97BC-3654ED321F3B}") = "MyWebLog.App", "MyWebLog.App\MyWebLog.App.xproj", "{9CEA3A8B-E8AA-44E6-9F5F-2095CEED54EB}"
EndProject
Project("{8BB2217D-0F2D-49D1-97BC-3654ED321F3B}") = "MyWebLog", "MyWebLog\MyWebLog.xproj", "{B9F6DB52-65A1-4C2A-8C97-739E08A1D4FB}"
EndProject
Project("{8BB2217D-0F2D-49D1-97BC-3654ED321F3B}") = "MyWebLog.Resources", "MyWebLog.Resources\MyWebLog.Resources.xproj", "{A12EA8DA-88BC-4447-90CB-A0E2DCC37523}"
EndProject
Global
	GlobalSection(SolutionConfigurationPlatforms) = preSolution
		Debug|Any CPU = Debug|Any CPU
		Release|Any CPU = Release|Any CPU
	EndGlobalSection
	GlobalSection(ProjectConfigurationPlatforms) = postSolution
		{A87F3CF5-2189-442B-8ACF-929F5153AC22}.Debug|Any CPU.ActiveCfg = Debug|Any CPU
		{A87F3CF5-2189-442B-8ACF-929F5153AC22}.Debug|Any CPU.Build.0 = Debug|Any CPU
		{A87F3CF5-2189-442B-8ACF-929F5153AC22}.Release|Any CPU.ActiveCfg = Release|Any CPU
		{A87F3CF5-2189-442B-8ACF-929F5153AC22}.Release|Any CPU.Build.0 = Release|Any CPU
		{D6C2BE5E-883A-4F34-9905-B730543CA380}.Debug|Any CPU.ActiveCfg = Debug|Any CPU
		{D6C2BE5E-883A-4F34-9905-B730543CA380}.Debug|Any CPU.Build.0 = Debug|Any CPU
		{D6C2BE5E-883A-4F34-9905-B730543CA380}.Release|Any CPU.ActiveCfg = Release|Any CPU
		{D6C2BE5E-883A-4F34-9905-B730543CA380}.Release|Any CPU.Build.0 = Release|Any CPU
		{29F6EDA3-4F43-4BB3-9C63-AE238A9B7F12}.Debug|Any CPU.ActiveCfg = Debug|Any CPU
		{29F6EDA3-4F43-4BB3-9C63-AE238A9B7F12}.Debug|Any CPU.Build.0 = Debug|Any CPU
		{29F6EDA3-4F43-4BB3-9C63-AE238A9B7F12}.Release|Any CPU.ActiveCfg = Release|Any CPU
		{29F6EDA3-4F43-4BB3-9C63-AE238A9B7F12}.Release|Any CPU.Build.0 = Release|Any CPU
		{9CEA3A8B-E8AA-44E6-9F5F-2095CEED54EB}.Debug|Any CPU.ActiveCfg = Debug|Any CPU
		{9CEA3A8B-E8AA-44E6-9F5F-2095CEED54EB}.Debug|Any CPU.Build.0 = Debug|Any CPU
		{9CEA3A8B-E8AA-44E6-9F5F-2095CEED54EB}.Release|Any CPU.ActiveCfg = Release|Any CPU
		{9CEA3A8B-E8AA-44E6-9F5F-2095CEED54EB}.Release|Any CPU.Build.0 = Release|Any CPU
		{B9F6DB52-65A1-4C2A-8C97-739E08A1D4FB}.Debug|Any CPU.ActiveCfg = Debug|Any CPU
		{B9F6DB52-65A1-4C2A-8C97-739E08A1D4FB}.Debug|Any CPU.Build.0 = Debug|Any CPU
		{B9F6DB52-65A1-4C2A-8C97-739E08A1D4FB}.Release|Any CPU.ActiveCfg = Release|Any CPU
		{B9F6DB52-65A1-4C2A-8C97-739E08A1D4FB}.Release|Any CPU.Build.0 = Release|Any CPU
		{A12EA8DA-88BC-4447-90CB-A0E2DCC37523}.Debug|Any CPU.ActiveCfg = Debug|Any CPU
		{A12EA8DA-88BC-4447-90CB-A0E2DCC37523}.Debug|Any CPU.Build.0 = Debug|Any CPU
		{A12EA8DA-88BC-4447-90CB-A0E2DCC37523}.Release|Any CPU.ActiveCfg = Release|Any CPU
		{A12EA8DA-88BC-4447-90CB-A0E2DCC37523}.Release|Any CPU.Build.0 = Release|Any CPU
	EndGlobalSection
	GlobalSection(SolutionProperties) = preSolution
		HideSolutionNode = FALSE
	EndGlobalSection
EndGlobal
